
Microsoft Visual Studio Solution File, Format Version 12.00
# Visual Studio Version 17
VisualStudioVersion = 17.11.35208.52
MinimumVisualStudioVersion = 10.0.40219.1
Project("{9A19103F-16F7-4668-BE54-9A1E7A4F7556}") = "CombatEngine", "..\CombatEngine\CombatEngine.csproj", "{AD97E23E-DF6A-4957-9A03-C1329834AA2A}"
EndProject
Project("{9A19103F-16F7-4668-BE54-9A1E7A4F7556}") = "CombatConsole", "..\CombatConsole\CombatConsole.csproj", "{C46FC189-D13A-4852-A091-6AF53A2E5115}"
EndProject
Project("{9A19103F-16F7-4668-BE54-9A1E7A4F7556}") = "CombatTesting", "..\CombatTesting\CombatTesting.csproj", "{471AD21C-2E03-4463-B5D2-23DDBBE6F4CF}"
EndProject
Global
	GlobalSection(SolutionConfigurationPlatforms) = preSolution
		Debug|Any CPU = Debug|Any CPU
		Release|Any CPU = Release|Any CPU
	EndGlobalSection
	GlobalSection(ProjectConfigurationPlatforms) = postSolution
		{AD97E23E-DF6A-4957-9A03-C1329834AA2A}.Debug|Any CPU.ActiveCfg = Debug|Any CPU
		{AD97E23E-DF6A-4957-9A03-C1329834AA2A}.Debug|Any CPU.Build.0 = Debug|Any CPU
		{AD97E23E-DF6A-4957-9A03-C1329834AA2A}.Release|Any CPU.ActiveCfg = Release|Any CPU
		{AD97E23E-DF6A-4957-9A03-C1329834AA2A}.Release|Any CPU.Build.0 = Release|Any CPU
		{C46FC189-D13A-4852-A091-6AF53A2E5115}.Debug|Any CPU.ActiveCfg = Debug|Any CPU
		{C46FC189-D13A-4852-A091-6AF53A2E5115}.Debug|Any CPU.Build.0 = Debug|Any CPU
		{C46FC189-D13A-4852-A091-6AF53A2E5115}.Release|Any CPU.ActiveCfg = Release|Any CPU
		{C46FC189-D13A-4852-A091-6AF53A2E5115}.Release|Any CPU.Build.0 = Release|Any CPU
		{471AD21C-2E03-4463-B5D2-23DDBBE6F4CF}.Debug|Any CPU.ActiveCfg = Debug|Any CPU
		{471AD21C-2E03-4463-B5D2-23DDBBE6F4CF}.Debug|Any CPU.Build.0 = Debug|Any CPU
		{471AD21C-2E03-4463-B5D2-23DDBBE6F4CF}.Release|Any CPU.ActiveCfg = Release|Any CPU
		{471AD21C-2E03-4463-B5D2-23DDBBE6F4CF}.Release|Any CPU.Build.0 = Release|Any CPU
	EndGlobalSection
	GlobalSection(SolutionProperties) = preSolution
		HideSolutionNode = FALSE
	EndGlobalSection
	GlobalSection(ExtensibilityGlobals) = postSolution
		SolutionGuid = {86DDF3EF-E080-4B8F-86FC-EE367A6BB5E6}
	EndGlobalSection
EndGlobal
